{
  "lockfileVersion": 1,
  "configVersion": 0,
  "workspaces": {
    "": {
      "name": "@aibtc/skills",
      "dependencies": {
        "@bitflowlabs/core-sdk": "^3.0.0",
        "@faktoryfun/styx-sdk": "^1.3.5",
        "@noble/curves": "^2.0.1",
        "@scure/base": "^2.0.0",
        "@scure/bip32": "^1.6.2",
        "@scure/bip39": "^2.0.1",
        "@scure/btc-signer": "^2.0.1",
        "@stacks/common": "^7.3.1",
        "@stacks/encryption": "^7.3.1",
        "@stacks/network": "^7.3.1",
        "@stacks/transactions": "^7.3.1",
        "@stacks/wallet-sdk": "^7.2.0",
        "alex-sdk": "^3.2.1",
        "axios": "^1.13.2",
        "commander": "^12.0.0",
        "dotenv": "^17.2.3",
        "micro-ordinals": "^0.3.0",
        "sbtc": "^0.3.2",
        "tslib": "^2.8.1",
        "yaml": "^2.8.2",
        "zod": "^4.3.5",
      },
      "devDependencies": {
        "@types/bun": "latest",
        "@types/node": "^22.0.0",
        "typescript": "^5.7.0",
      },
    },
  },
  "packages": {
    "@bitflowlabs/core-sdk": ["@bitflowlabs/core-sdk@3.0.0", "", { "dependencies": { "@stacks/connect": "^7.10.2", "@stacks/network": "^7.0.2", "@stacks/transactions": "^7.0.5", "dotenv": "^16.4.7" } }, "sha512-5+STFKWtJzIx7G3MuZLPkB1T1r8HZEQ04Qe9anPhD8WwqRymzA8Km7J6AVGtrXuuE6svgqL0ezUwZUgOcUK0QA=="],

    "@btc-helpers/rpc": ["@btc-helpers/rpc@2.0.0", "", { "dependencies": { "@scure/base": "^1.1.1", "cross-fetch": "^3.1.5" } }, "sha512-Y5T3MUCW3lMENJiOJEk4DOwTW6GY/b/xmcf+kxoPZZw2uCyY+m3a9wV9wrJdIceqv3ET2iLFbGHjLwl25UYwGA=="],

    "@faktoryfun/styx-sdk": ["@faktoryfun/styx-sdk@1.3.5", "", {}, "sha512-9k2oGmOGkd8bzh0IObO1AP7CXNInL3HAb8Y2CtajHydzumDScgkowIVqfhdj086WTSdoPiffTZAMFnH9xHkKxw=="],

    "@noble/curves": ["@noble/curves@2.0.1", "", { "dependencies": { "@noble/hashes": "2.0.1" } }, "sha512-vs1Az2OOTBiP4q0pwjW5aF0xp9n4MxVrmkFBxc6EKZc6ddYx5gaZiAsZoq0uRRXWbi3AT/sBqn05eRPtn1JCPw=="],

    "@noble/hashes": ["@noble/hashes@2.0.1", "", {}, "sha512-XlOlEbQcE9fmuXxrVTXCTlG2nlRXa9Rj3rr5Ue/+tX+nmkgbX720YHh0VR3hBF9xDvwnb8D2shVGOwNx+ulArw=="],

    "@noble/secp256k1": ["@noble/secp256k1@1.7.1", "", {}, "sha512-hOUk6AyBFmqVrv7k5WAw/LpszxVbj9gGN4JRkIX52fdFAj1UA61KXmZDvqVEm+pOyec3+fIeZB02LYa/pWOArw=="],

    "@scure/base": ["@scure/base@2.0.0", "", {}, "sha512-3E1kpuZginKkek01ovG8krQ0Z44E3DHPjc5S2rjJw9lZn3KSQOs8S7wqikF/AH7iRanHypj85uGyxk0XAyC37w=="],

    "@scure/bip32": ["@scure/bip32@1.7.0", "", { "dependencies": { "@noble/curves": "~1.9.0", "@noble/hashes": "~1.8.0", "@scure/base": "~1.2.5" } }, "sha512-E4FFX/N3f4B80AKWp5dP6ow+flD1LQZo/w8UnLGYZO674jS6YnYeepycOOksv+vLPSpgN35wgKgy+ybfTb2SMw=="],

    "@scure/bip39": ["@scure/bip39@2.0.1", "", { "dependencies": { "@noble/hashes": "2.0.1", "@scure/base": "2.0.0" } }, "sha512-PsxdFj/d2AcJcZDX1FXN3dDgitDDTmwf78rKZq1a6c1P1Nan1X/Sxc7667zU3U+AN60g7SxxP0YCVw2H/hBycg=="],

    "@scure/btc-signer": ["@scure/btc-signer@2.0.1", "", { "dependencies": { "@noble/curves": "~2.0.0", "@noble/hashes": "~2.0.0", "@scure/base": "~2.0.0", "micro-packed": "~0.8.0" } }, "sha512-vk5a/16BbSFZkhh1JIJ0+4H9nceZVo5WzKvJGGWiPp3sQOExeW+L53z3dI6u0adTPoE8ZbL+XEb6hEGzVZSvvQ=="],

    "@stacks/auth": ["@stacks/auth@7.3.1", "", { "dependencies": { "@noble/secp256k1": "1.7.1", "@stacks/common": "^7.3.1", "@stacks/encryption": "^7.3.1", "@stacks/network": "^7.3.1", "@stacks/profile": "^7.3.1", "cross-fetch": "^3.1.5", "jsontokens": "^4.0.1" } }, "sha512-8zjQrnthhymJruSWYuP17IRx+c0k8LrOZYH9DRyaTzjEZ+pbvsRUM9v7hH1aGr2LG94BI9249qXpCtGWorVI+g=="],

    "@stacks/common": ["@stacks/common@7.3.1", "", {}, "sha512-29ANTFcSSlXnGQlgDVWg7OQ74lgQhu3x8JkeN19Q+UE/1lbQrzcctgPHG74XHjWNp8NPBqskUYA8/HLgIKuKNQ=="],

    "@stacks/connect": ["@stacks/connect@7.10.2", "", { "dependencies": { "@stacks/auth": "^7.0.0", "@stacks/common": "^7.0.0", "@stacks/connect-ui": "6.6.0", "@stacks/network": "^7.0.0", "@stacks/network-v6": "npm:@stacks/network@^6.16.0", "@stacks/profile": "^7.0.0", "@stacks/transactions": "^7.0.0", "@stacks/transactions-v6": "npm:@stacks/transactions@^6.16.0", "jsontokens": "^4.0.1" } }, "sha512-fQcdayBgq9XZnX4rqQxa//Gx9c0ycrmrZT9dZ01uHDlIr/ZxwU18d5A3hyYv4F7LQYQQkFr9htpVTlH0RSqWUw=="],

    "@stacks/connect-ui": ["@stacks/connect-ui@6.6.0", "", { "dependencies": { "@stencil/core": "^2.17.1" } }, "sha512-uc22RH99umYzB94h5LiKPtGu34IBGrwUb3TfijGb2ZMudaMCiv/Fr1jjZKfQW5MRmexnbAEmGZpFlQKinCcsUA=="],

    "@stacks/encryption": ["@stacks/encryption@7.3.1", "", { "dependencies": { "@noble/hashes": "1.1.5", "@noble/secp256k1": "1.7.1", "@scure/bip39": "1.1.0", "@stacks/common": "^7.3.1", "base64-js": "^1.5.1", "bs58": "^5.0.0", "ripemd160-min": "^0.0.6", "varuint-bitcoin": "^1.1.2" } }, "sha512-hCY61gd4PVr5LUZKOuzWfPLmuPrIGEapd1LkMintToJ+F3R/x0T+iIJVnJf2Y1l0cJsc4Xxq/TWCBeEAfybScg=="],

    "@stacks/network": ["@stacks/network@7.3.1", "", { "dependencies": { "@stacks/common": "^7.3.1", "cross-fetch": "^3.1.5" } }, "sha512-dQjhcwkz8lihSYSCUMf7OYeEh/Eh0++NebDtXbIB3pHWTvNCYEH7sxhYTB1iyunurv31/QEi0RuWdlfXK/BjeA=="],

    "@stacks/network-v6": ["@stacks/network@6.17.0", "", { "dependencies": { "@stacks/common": "^6.16.0", "cross-fetch": "^3.1.5" } }, "sha512-numHbfKjwco/rbkGPOEz8+FcJ2nBnS/tdJ8R422Q70h3SiA9eqk9RjSzB8p4JP8yW1SZvW+eihADHfMpBuZyfw=="],

    "@stacks/profile": ["@stacks/profile@7.3.1", "", { "dependencies": { "@stacks/common": "^7.3.1", "@stacks/network": "^7.3.1", "@stacks/transactions": "^7.3.1", "jsontokens": "^4.0.1", "schema-inspector": "^2.0.2", "zone-file": "^2.0.0-beta.3" } }, "sha512-fjysyN29e0mZYN3PHkZAE+6w3cfWInamDYmKLLi+wTIw0ds4YRk0CaPnMHlanVybqdIQ84yeghETNL/+o+QxEQ=="],

    "@stacks/stacks-blockchain-api-types": ["@stacks/stacks-blockchain-api-types@7.14.1", "", {}, "sha512-65hvhXxC+EUqHJAQsqlBCqXB+zwfxZICSKYJugdg6BCp9I9qniyfz5XyQeC4RMVo0tgEoRdS/b5ZCFo5kLWmxA=="],

    "@stacks/storage": ["@stacks/storage@7.3.1", "", { "dependencies": { "@stacks/auth": "^7.3.1", "@stacks/common": "^7.3.1", "@stacks/encryption": "^7.3.1", "@stacks/network": "^7.3.1", "base64-js": "^1.5.1", "jsontokens": "^4.0.1" } }, "sha512-AvbZJkc97LZ0icpIWeZpUgtSQS3Nsd3M16GYAJcHDqsBdsCtlwoSzsEwrcwrxZ1CFsWMnz3Te9xCNqUjoQ+CcA=="],

    "@stacks/transactions": ["@stacks/transactions@7.3.1", "", { "dependencies": { "@noble/hashes": "1.1.5", "@noble/secp256k1": "1.7.1", "@stacks/common": "^7.3.1", "@stacks/network": "^7.3.1", "c32check": "^2.0.0", "lodash.clonedeep": "^4.5.0" } }, "sha512-ufnC1BPrOKz5b5gxxdseP3vBrFq1+qx1L6t+J/QnjXULyWdkhtS+LBEqRw2bL5qNteMvU2GhqPgFtYQPzolGbw=="],

    "@stacks/transactions-v6": ["@stacks/transactions@6.17.0", "", { "dependencies": { "@noble/hashes": "1.1.5", "@noble/secp256k1": "1.7.1", "@stacks/common": "^6.16.0", "@stacks/network": "^6.17.0", "c32check": "^2.0.0", "lodash.clonedeep": "^4.5.0" } }, "sha512-FUah2BRgV66ApLcEXGNGhwyFTRXqX5Zco3LpiM3essw8PF0NQlHwwdPgtDko5RfrJl3LhGXXe/30nwsfNnB3+g=="],

    "@stacks/wallet-sdk": ["@stacks/wallet-sdk@7.2.0", "", { "dependencies": { "@scure/bip32": "1.1.3", "@scure/bip39": "1.1.0", "@stacks/auth": "^7.2.0", "@stacks/common": "^7.0.2", "@stacks/encryption": "^7.2.0", "@stacks/network": "^7.2.0", "@stacks/profile": "^7.2.0", "@stacks/storage": "^7.2.0", "@stacks/transactions": "^7.2.0", "c32check": "^2.0.0", "jsontokens": "^4.0.1", "zone-file": "^2.0.0-beta.3" } }, "sha512-w4UmIaulB03ki0eosWA2ju4vXtF1N+n+nX+/GuV8ZW3rbZ7xeRCv16IzZZL6TspMcaUKyZKTVB2uximqBNbqPQ=="],

    "@stencil/core": ["@stencil/core@2.22.3", "", { "bin": { "stencil": "bin/stencil" } }, "sha512-kmVA0M/HojwsfkeHsifvHVIYe4l5tin7J5+DLgtl8h6WWfiMClND5K3ifCXXI2ETDNKiEk21p6jql3Fx9o2rng=="],

    "@types/bn.js": ["@types/bn.js@5.2.0", "", { "dependencies": { "@types/node": "*" } }, "sha512-DLbJ1BPqxvQhIGbeu8VbUC1DiAiahHtAYvA0ZEAa4P31F7IaArc8z3C3BRQdWX4mtLQuABG4yzp76ZrS02Ui1Q=="],

    "@types/bun": ["@types/bun@1.3.9", "", { "dependencies": { "bun-types": "1.3.9" } }, "sha512-KQ571yULOdWJiMH+RIWIOZ7B2RXQGpL1YQrBtLIV3FqDcCu6FsbFUBwhdKUlCKUpS3PJDsHlJ1QKlpxoVR+xtw=="],

    "@types/node": ["@types/node@22.19.11", "", { "dependencies": { "undici-types": "~6.21.0" } }, "sha512-BH7YwL6rA93ReqeQS1c4bsPpcfOmJasG+Fkr6Y59q83f9M1WcBRHR2vM+P9eOisYRcN3ujQoiZY8uk5W+1WL8w=="],

    "alex-sdk": ["alex-sdk@3.2.1", "", { "dependencies": { "clarity-codegen": "1.0.0-beta.1" }, "peerDependencies": { "@stacks/network": "^7.0.2", "@stacks/transactions": "^7.0.2" } }, "sha512-jxpvOTExvecBs5tM5VjmI3VVbm2zNVj423FLmcG7noTE2A/cel13RUNGecwyvUhgsBKdLgMEDOKOli5lTHtKXg=="],

    "ansi-colors": ["ansi-colors@4.1.3", "", {}, "sha512-/6w/C21Pm1A7aZitlI5Ni/2J6FFQN8i1Cvz3kHABAAbw93v/NlvKdVOqz7CCWz/3iv/JplRSEEZ83XION15ovw=="],

    "ansi-regex": ["ansi-regex@5.0.1", "", {}, "sha512-quJQXlTSUGL2LH9SUXo8VwsY4soanhgo6LNSm84E1LBcE8s3O0wpdiRzyR9z/ZZJMlMWv37qOOb9pdJlMUEKFQ=="],

    "ansi-styles": ["ansi-styles@4.3.0", "", { "dependencies": { "color-convert": "^2.0.1" } }, "sha512-zbB9rCJAT1rbjiVDb2hqKFHNYLxgtk8NURxZ3IZwD3F6NtxbXZQCnnSi1Lkx+IDohdPlFp222wVALIheZJQSEg=="],

    "async": ["async@2.6.4", "", { "dependencies": { "lodash": "^4.17.14" } }, "sha512-mzo5dfJYwAn29PeiJ0zvwTo04zj8HDJj0Mn8TD7sno7q12prdbnasKJHhkm2c1LgrhlJ0teaea8860oxi51mGA=="],

    "asynckit": ["asynckit@0.4.0", "", {}, "sha512-Oei9OH4tRh0YqU3GxhX79dM/mwVgvbZJaSNaRk+bshkj0S5cfHcgYakreBjrHwatXKbz+IoIdYLxrKim2MjW0Q=="],

    "axios": ["axios@1.13.5", "", { "dependencies": { "follow-redirects": "^1.15.11", "form-data": "^4.0.5", "proxy-from-env": "^1.1.0" } }, "sha512-cz4ur7Vb0xS4/KUN0tPWe44eqxrIu31me+fbang3ijiNscE129POzipJJA6zniq2C/Z6sJCjMimjS8Lc/GAs8Q=="],

    "base-x": ["base-x@4.0.1", "", {}, "sha512-uAZ8x6r6S3aUM9rbHGVOIsR15U/ZSc82b3ymnCPsT45Gk1DDvhDPdIgB5MrhirZWt+5K0EEPQH985kNqZgNPFw=="],

    "base64-js": ["base64-js@1.5.1", "", {}, "sha512-AKpaYlHn8t4SVbOHCy+b5+KKgvR4vrsD8vbvrbiQJps7fKDTkjkDry6ji0rUJjC0kzbNePLwzxq8iypo41qeWA=="],

    "bs58": ["bs58@5.0.0", "", { "dependencies": { "base-x": "^4.0.0" } }, "sha512-r+ihvQJvahgYT50JD05dyJNKlmmSlMoOGwn1lCcEzanPglg7TxYjioQUYehQ9mAR/+hOSd2jRc/Z2y5UxBymvQ=="],

    "bun-types": ["bun-types@1.3.9", "", { "dependencies": { "@types/node": "*" } }, "sha512-+UBWWOakIP4Tswh0Bt0QD0alpTY8cb5hvgiYeWCMet9YukHbzuruIEeXC2D7nMJPB12kbh8C7XJykSexEqGKJg=="],

    "c32check": ["c32check@2.0.0", "", { "dependencies": { "@noble/hashes": "^1.1.2", "base-x": "^4.0.0" } }, "sha512-rpwfAcS/CMqo0oCqDf3r9eeLgScRE3l/xHDCXhM3UyrfvIn7PrLq63uHh7yYbv8NzaZn5MVsVhIRpQ+5GZ5HyA=="],

    "call-bind-apply-helpers": ["call-bind-apply-helpers@1.0.2", "", { "dependencies": { "es-errors": "^1.3.0", "function-bind": "^1.1.2" } }, "sha512-Sp1ablJ0ivDkSzjcaJdxEunN5/XvksFJ2sMBFfq6x0ryhQV/2b/KwFe21cMpmHtPOSij8K99/wSfoEuTObmuMQ=="],

    "clarity-codegen": ["clarity-codegen@1.0.0-beta.1", "", { "dependencies": { "@stacks/stacks-blockchain-api-types": "^7.1.10", "axios": "^1.6.0", "lodash": "^4.17.21", "yargs": "^17.7.2", "yqueue": "^1.0.1" }, "peerDependencies": { "@stacks/common": "^7.0.2", "@stacks/transactions": "^7.0.2" }, "bin": { "clarity-codegen": "lib/generate/cli.js" } }, "sha512-cEyEpOoR3xnTMmGWxycWFH0+Xgmuyhw3ueydg5TFeap1ZXh4/aoxqYIg7JwALlv09wZv/JXe3H+yodMra31pDQ=="],

    "cliui": ["cliui@8.0.1", "", { "dependencies": { "string-width": "^4.2.0", "strip-ansi": "^6.0.1", "wrap-ansi": "^7.0.0" } }, "sha512-BSeNnyus75C4//NQ9gQt1/csTXyo/8Sb+afLAkzAptFuMsod9HFokGNudZpi/oQV73hnVK+sR+5PVRMd+Dr7YQ=="],

    "color-convert": ["color-convert@2.0.1", "", { "dependencies": { "color-name": "~1.1.4" } }, "sha512-RRECPsj7iu/xb5oKYcsFHSppFNnsj/52OVTRKb4zP5onXwVF3zVmmToNcOfGC+CRDpfK/U584fMg38ZHCaElKQ=="],

    "color-name": ["color-name@1.1.4", "", {}, "sha512-dOy+3AuW3a2wNbZHIuMZpTcgjGuLU/uBL/ubcZF9OXbDo8ff4O8yVp5Bf0efS8uEoYo5q4Fx7dY9OgQGXgAsQA=="],

    "combined-stream": ["combined-stream@1.0.8", "", { "dependencies": { "delayed-stream": "~1.0.0" } }, "sha512-FQN4MRfuJeHf7cBbBMJFXhKSDq+2kAArBlmRBvcvFE5BB1HZKXtSFASDhdlz9zOYwxh8lDdnvmMOe/+5cdoEdg=="],

    "commander": ["commander@12.1.0", "", {}, "sha512-Vw8qHK3bZM9y/P10u3Vib8o/DdkvA2OtPtZvD871QKjy74Wj1WSKFILMPRPSdUSx5RFK1arlJzEtA4PkFgnbuA=="],

    "cross-fetch": ["cross-fetch@3.2.0", "", { "dependencies": { "node-fetch": "^2.7.0" } }, "sha512-Q+xVJLoGOeIMXZmbUK4HYk+69cQH6LudR0Vu/pRm2YlU/hDV9CiS0gKUMaWY5f2NeUH9C1nV3bsTlCo0FsTV1Q=="],

    "delayed-stream": ["delayed-stream@1.0.0", "", {}, "sha512-ZySD7Nf91aLB0RxL4KGrKHBXl7Eds1DAmEdcoVawXnLD7SDhpNgtuII2aAkg7a7QS41jxPSZ17p4VdGnMHk3MQ=="],

    "dotenv": ["dotenv@17.3.1", "", {}, "sha512-IO8C/dzEb6O3F9/twg6ZLXz164a2fhTnEWb95H23Dm4OuN+92NmEAlTrupP9VW6Jm3sO26tQlqyvyi4CsnY9GA=="],

    "dunder-proto": ["dunder-proto@1.0.1", "", { "dependencies": { "call-bind-apply-helpers": "^1.0.1", "es-errors": "^1.3.0", "gopd": "^1.2.0" } }, "sha512-KIN/nDJBQRcXw0MLVhZE9iQHmG68qAVIBg9CqmUYjmQIhgij9U5MFvrqkUL5FbtyyzZuOeOt0zdeRe4UY7ct+A=="],

    "emoji-regex": ["emoji-regex@8.0.0", "", {}, "sha512-MSjYzcWNOA0ewAHpz0MxpYFvwg6yjy1NG3xteoqz644VCo/RPgnr1/GGt+ic3iJTzQ8Eu3TdM14SawnVUmGE6A=="],

    "enquirer": ["enquirer@2.4.1", "", { "dependencies": { "ansi-colors": "^4.1.1", "strip-ansi": "^6.0.1" } }, "sha512-rRqJg/6gd538VHvR3PSrdRBb/1Vy2YfzHqzvbhGIQpDRKIa4FgV/54b5Q1xYSxOOwKvjXweS26E0Q+nAMwp2pQ=="],

    "es-define-property": ["es-define-property@1.0.1", "", {}, "sha512-e3nRfgfUZ4rNGL232gUgX06QNyyez04KdjFrF+LTRoOXmrOgFKDg4BCdsjW8EnT69eqdYGmRpJwiPVYNrCaW3g=="],

    "es-errors": ["es-errors@1.3.0", "", {}, "sha512-Zf5H2Kxt2xjTvbJvP2ZWLEICxA6j+hAmMzIlypy4xcBg1vKVnx89Wy0GbS+kf5cwCVFFzdCFh2XSCFNULS6csw=="],

    "es-object-atoms": ["es-object-atoms@1.1.1", "", { "dependencies": { "es-errors": "^1.3.0" } }, "sha512-FGgH2h8zKNim9ljj7dankFPcICIK9Cp5bm+c2gQSYePhpaG5+esrLODihIorn+Pe6FGJzWhXQotPv73jTaldXA=="],

    "es-set-tostringtag": ["es-set-tostringtag@2.1.0", "", { "dependencies": { "es-errors": "^1.3.0", "get-intrinsic": "^1.2.6", "has-tostringtag": "^1.0.2", "hasown": "^2.0.2" } }, "sha512-j6vWzfrGVfyXxge+O0x5sh6cvxAog0a/4Rdd2K36zCMV5eJ+/+tOAngRO8cODMNWbVRdVlmGZQL2YS3yR8bIUA=="],

    "escalade": ["escalade@3.2.0", "", {}, "sha512-WUj2qlxaQtO4g6Pq5c29GTcWGDyd8itL8zTlipgECz3JesAiiOKotd8JU6otB3PACgG6xkJUyVhboMS+bje/jA=="],

    "follow-redirects": ["follow-redirects@1.15.11", "", {}, "sha512-deG2P0JfjrTxl50XGCDyfI97ZGVCxIpfKYmfyrQ54n5FO/0gfIES8C/Psl6kWVDolizcaaxZJnTS0QSMxvnsBQ=="],

    "form-data": ["form-data@4.0.5", "", { "dependencies": { "asynckit": "^0.4.0", "combined-stream": "^1.0.8", "es-set-tostringtag": "^2.1.0", "hasown": "^2.0.2", "mime-types": "^2.1.12" } }, "sha512-8RipRLol37bNs2bhoV67fiTEvdTrbMUYcFTiy3+wuuOnUog2QBHCZWXDRijWQfAkhBj2Uf5UnVaiWwA5vdd82w=="],

    "function-bind": ["function-bind@1.1.2", "", {}, "sha512-7XHNxH7qX9xG5mIwxkhumTox/MIRNcOgDrxWsMt2pAr23WHp6MrRlN7FBSFpCpr+oVO0F744iUgR82nJMfG2SA=="],

    "get-caller-file": ["get-caller-file@2.0.5", "", {}, "sha512-DyFP3BM/3YHTQOCUL/w0OZHR0lpKeGrxotcHWcqNEdnltqFwXVfhEBQ94eIo34AfQpo0rGki4cyIiftY06h2Fg=="],

    "get-intrinsic": ["get-intrinsic@1.3.0", "", { "dependencies": { "call-bind-apply-helpers": "^1.0.2", "es-define-property": "^1.0.1", "es-errors": "^1.3.0", "es-object-atoms": "^1.1.1", "function-bind": "^1.1.2", "get-proto": "^1.0.1", "gopd": "^1.2.0", "has-symbols": "^1.1.0", "hasown": "^2.0.2", "math-intrinsics": "^1.1.0" } }, "sha512-9fSjSaos/fRIVIp+xSJlE6lfwhES7LNtKaCBIamHsjr2na1BiABJPo0mOjjz8GJDURarmCPGqaiVg5mfjb98CQ=="],

    "get-proto": ["get-proto@1.0.1", "", { "dependencies": { "dunder-proto": "^1.0.1", "es-object-atoms": "^1.0.0" } }, "sha512-sTSfBjoXBp89JvIKIefqw7U2CCebsc74kiY6awiGogKtoSGbgjYE/G/+l9sF3MWFPNc9IcoOC4ODfKHfxFmp0g=="],

    "gopd": ["gopd@1.2.0", "", {}, "sha512-ZUKRh6/kUFoAiTAtTYPZJ3hw9wNxx+BIBOijnlG9PnrJsCcSjs1wyyD6vJpaYtgnzDrKYRSqf3OO6Rfa93xsRg=="],

    "has-symbols": ["has-symbols@1.1.0", "", {}, "sha512-1cDNdwJ2Jaohmb3sg4OmKaMBwuC48sYni5HUw2DvsC8LjGTLK9h+eb1X6RyuOHe4hT0ULCW68iomhjUoKUqlPQ=="],

    "has-tostringtag": ["has-tostringtag@1.0.2", "", { "dependencies": { "has-symbols": "^1.0.3" } }, "sha512-NqADB8VjPFLM2V0VvHUewwwsw0ZWBaIdgo+ieHtK3hasLz4qeCRjYcqfB6AQrBggRKppKF8L52/VqdVsO47Dlw=="],

    "hasown": ["hasown@2.0.2", "", { "dependencies": { "function-bind": "^1.1.2" } }, "sha512-0hJU9SCPvmMzIBdZFqNPXWa6dqh7WdH0cII9y+CyS8rG3nL48Bclra9HmKhVVUHyPWNH5Y7xDwAB7bfgSjkUMQ=="],

    "is-fullwidth-code-point": ["is-fullwidth-code-point@3.0.0", "", {}, "sha512-zymm5+u+sCsSWyD9qNaejV3DFvhCKclKdizYaJUuHA83RLjb7nSuGnddCHGv0hk+KY7BMAlsWeK4Ueg6EV6XQg=="],

    "jsontokens": ["jsontokens@4.0.1", "", { "dependencies": { "@noble/hashes": "^1.1.2", "@noble/secp256k1": "^1.6.3", "base64-js": "^1.5.1" } }, "sha512-+MO415LEN6M+3FGsRz4wU20g7N2JA+2j9d9+pGaNJHviG4L8N0qzavGyENw6fJqsq9CcrHOIL6iWX5yeTZ86+Q=="],

    "lodash": ["lodash@4.17.23", "", {}, "sha512-LgVTMpQtIopCi79SJeDiP0TfWi5CNEc/L/aRdTh3yIvmZXTnheWpKjSZhnvMl8iXbC1tFg9gdHHDMLoV7CnG+w=="],

    "lodash.clonedeep": ["lodash.clonedeep@4.5.0", "", {}, "sha512-H5ZhCF25riFd9uB5UCkVKo61m3S/xZk1x4wA6yp/L3RFP6Z/eHH1ymQcGLo7J3GMPfm0V/7m1tryHuGVxpqEBQ=="],

    "math-intrinsics": ["math-intrinsics@1.1.0", "", {}, "sha512-/IXtbwEk5HTPyEwyKX6hGkYXxM9nbj64B+ilVJnC/R6B0pH5G4V3b0pVbL7DBj4tkhBAppbQUlf6F6Xl9LHu1g=="],

    "micro-ordinals": ["micro-ordinals@0.3.0", "", { "dependencies": { "@scure/base": "^2.0.0-beta.1", "@scure/btc-signer": "^2.0.0-beta.1", "enquirer": "2.4.1", "micro-packed": "^0.8.0-beta.1" }, "bin": { "ord": "cli.js" } }, "sha512-j2PddkrXONXW4stNRKTbx2qaMS8C8HmgdKMTrJOhknQ8yIvMLMGAUyedoLyT4tHVNRxD7SOwgqwr0n+QQns/zw=="],

    "micro-packed": ["micro-packed@0.8.0", "", { "dependencies": { "@scure/base": "2.0.0" } }, "sha512-AKb8znIvg9sooythbXzyFeChEY0SkW0C6iXECpy/ls0e5BtwXO45J9wD9SLzBztnS4XmF/5kwZknsq+jyynd/A=="],

    "mime-db": ["mime-db@1.52.0", "", {}, "sha512-sPU4uV7dYlvtWJxwwxHD0PuihVNiE7TyAbQ5SWxDCB9mUYvOgroQOwYQQOKPJ8CIbE+1ETVlOoK1UC2nU3gYvg=="],

    "mime-types": ["mime-types@2.1.35", "", { "dependencies": { "mime-db": "1.52.0" } }, "sha512-ZDY+bPm5zTTF+YpCrAU9nK0UgICYPT0QtT1NZWFv4s++TNkcgVaT0g6+4R2uI4MjQjzysHB1zxuWL50hzaeXiw=="],

    "node-fetch": ["node-fetch@2.7.0", "", { "dependencies": { "whatwg-url": "^5.0.0" }, "peerDependencies": { "encoding": "^0.1.0" }, "optionalPeers": ["encoding"] }, "sha512-c4FRfUm/dbcWZ7U+1Wq0AwCyFL+3nt2bEw05wfxSz+DWpWsitgmSgYmy2dQdWyKC1694ELPqMs/YzUSNozLt8A=="],

    "proxy-from-env": ["proxy-from-env@1.1.0", "", {}, "sha512-D+zkORCbA9f1tdWRK0RaCR3GPv50cMxcrz4X8k5LTSUD1Dkw47mKJEZQNunItRTkWwgtaUSo1RVFRIG9ZXiFYg=="],

    "require-directory": ["require-directory@2.1.1", "", {}, "sha512-fGxEI7+wsG9xrvdjsrlmL22OMTTiHRwAMroiEeMgq8gzoLC/PQr7RsRDSTLUg/bZAZtF+TVIkHc6/4RIKrui+Q=="],

    "ripemd160-min": ["ripemd160-min@0.0.6", "", {}, "sha512-+GcJgQivhs6S9qvLogusiTcS9kQUfgR75whKuy5jIhuiOfQuJ8fjqxV6EGD5duH1Y/FawFUMtMhyeq3Fbnib8A=="],

    "safe-buffer": ["safe-buffer@5.2.1", "", {}, "sha512-rp3So07KcdmmKbGvgaNxQSJr7bGVSVk5S9Eq1F+ppbRo70+YeaDxkw5Dd8NPN+GD6bjnYm2VuPuCXmpuYvmCXQ=="],

    "sbtc": ["sbtc@0.3.2", "", { "dependencies": { "@btc-helpers/rpc": "^2.0.0", "@noble/secp256k1": "^2.1.0", "@scure/base": "^1.1.9", "@scure/btc-signer": "^1.4.0", "@stacks/common": "^7.0.2", "@stacks/encryption": "^7.0.2", "@stacks/network": "^7.0.2", "@stacks/transactions": "^7.0.2", "c32check": "^2.0.0", "micro-packed": "^0.6.3" } }, "sha512-NjU9vDz2d1XMBGplT9S1x2IRJTIbZX4wAq8TNEMFiUmaj7MVp/3cJTPHiHmS4P+hIHNfrHLUUoe/i4ToIkp5yw=="],

    "schema-inspector": ["schema-inspector@2.1.0", "", { "dependencies": { "async": "~2.6.3" } }, "sha512-3bmQVhbA01/EW8cZin4vIpqlpNU2SIy4BhKCfCgogJ3T/L76dLx3QAE+++4o+dNT33sa+SN9vOJL7iHiHFjiNg=="],

    "string-width": ["string-width@4.2.3", "", { "dependencies": { "emoji-regex": "^8.0.0", "is-fullwidth-code-point": "^3.0.0", "strip-ansi": "^6.0.1" } }, "sha512-wKyQRQpjJ0sIp62ErSZdGsjMJWsap5oRNihHhu6G7JVO/9jIB6UyevL+tXuOqrng8j/cxKTWyWUwvSTriiZz/g=="],

    "strip-ansi": ["strip-ansi@6.0.1", "", { "dependencies": { "ansi-regex": "^5.0.1" } }, "sha512-Y38VPSHcqkFrCpFnQ9vuSXmquuv5oXOKpGeT6aGrr3o3Gc9AlVa6JBfUSOCnbxGGZF+/0ooI7KrPuUSztUdU5A=="],

    "tr46": ["tr46@0.0.3", "", {}, "sha512-N3WMsuqV66lT30CrXNbEjx4GEwlow3v6rr4mCcv6prnfwhS01rkgyFdjPNBYd9br7LpXV1+Emh01fHnq2Gdgrw=="],

    "tslib": ["tslib@2.8.1", "", {}, "sha512-oJFu94HQb+KVduSUQL7wnpmqnfmLsOA/nAh6b6EH0wCEoK0/mPeXU6c3wKDV83MkOuHPRHtSXKKU99IBazS/2w=="],

    "typescript": ["typescript@5.9.3", "", { "bin": { "tsc": "bin/tsc", "tsserver": "bin/tsserver" } }, "sha512-jl1vZzPDinLr9eUt3J/t7V6FgNEw9QjvBPdysz9KfQDD41fQrC2Y4vKQdiaUpFT4bXlb1RHhLpp8wtm6M5TgSw=="],

    "undici-types": ["undici-types@6.21.0", "", {}, "sha512-iwDZqg0QAGrg9Rav5H4n0M64c3mkR59cJ6wQp+7C4nI0gsmExaedaYLNO44eT4AtBBwjbTiGPMlt2Md0T9H9JQ=="],

    "varuint-bitcoin": ["varuint-bitcoin@1.1.2", "", { "dependencies": { "safe-buffer": "^5.1.1" } }, "sha512-4EVb+w4rx+YfVM32HQX42AbbT7/1f5zwAYhIujKXKk8NQK+JfRVl3pqT3hjNn/L+RstigmGGKVwHA/P0wgITZw=="],

    "webidl-conversions": ["webidl-conversions@3.0.1", "", {}, "sha512-2JAn3z8AR6rjK8Sm8orRC0h/bcl/DqL7tRPdGZ4I1CjdF+EaMLmYxBHyXuKL849eucPFhvBoxMsflfOb8kxaeQ=="],

    "whatwg-url": ["whatwg-url@5.0.0", "", { "dependencies": { "tr46": "~0.0.3", "webidl-conversions": "^3.0.0" } }, "sha512-saE57nupxk6v3HY35+jzBwYa0rKSy0XR8JSxZPwgLr7ys0IBzhGviA1/TUGJLmSVqs8pb9AnvICXEuOHLprYTw=="],

    "wrap-ansi": ["wrap-ansi@7.0.0", "", { "dependencies": { "ansi-styles": "^4.0.0", "string-width": "^4.1.0", "strip-ansi": "^6.0.0" } }, "sha512-YVGIj2kamLSTxw6NsZjoBxfSwsn0ycdesmc4p+Q21c5zPuZ1pl+NfxVdxPtdHvmNVOQ6XSYG4AUtyt/Fi7D16Q=="],

    "y18n": ["y18n@5.0.8", "", {}, "sha512-0pfFzegeDWJHJIAmTLRP2DwHjdF5s7jo9tuztdQxAhINCdvS+3nGINqPd00AphqJR/0LhANUS6/+7SCb98YOfA=="],

    "yaml": ["yaml@2.8.2", "", { "bin": { "yaml": "bin.mjs" } }, "sha512-mplynKqc1C2hTVYxd0PU2xQAc22TI1vShAYGksCCfxbn/dFwnHTNi1bvYsBTkhdUNtGIf5xNOg938rrSSYvS9A=="],

    "yargs": ["yargs@17.7.2", "", { "dependencies": { "cliui": "^8.0.1", "escalade": "^3.1.1", "get-caller-file": "^2.0.5", "require-directory": "^2.1.1", "string-width": "^4.2.3", "y18n": "^5.0.5", "yargs-parser": "^21.1.1" } }, "sha512-7dSzzRQ++CKnNI/krKnYRV7JKKPUXMEh61soaHKg9mrWEhzFWhFnxPxGl+69cD1Ou63C13NUPCnmIcrvqCuM6w=="],

    "yargs-parser": ["yargs-parser@21.1.1", "", {}, "sha512-tVpsJW7DdjecAiFpbIB1e3qxIQsE6NoPc5/eTdrbbIC4h0LVsWhnoa3g+m2HclBIujHzsxZ4VJVA+GUuc2/LBw=="],

    "yqueue": ["yqueue@1.0.1", "", {}, "sha512-DBxJZBRafFLA/tCc5uO8ZTGFr+sQgn1FRJkZ4cVrIQIk6bv2bInraE3mbpLAJw9z93JGrLkqDoyTLrrZaCNq5w=="],

    "zod": ["zod@4.3.6", "", {}, "sha512-rftlrkhHZOcjDwkGlnUtZZkvaPHCsDATp4pGpuOOMDaTdDDXF91wuVDJoWoPsKX/3YPQ5fHuF3STjcYyKr+Qhg=="],

    "zone-file": ["zone-file@2.0.0-beta.3", "", {}, "sha512-6tE3PSRcpN5lbTTLlkLez40WkNPc9vw/u1J2j6DBiy0jcVX48nCkWrx2EC+bWHqC2SLp069Xw4AdnYn/qp/W5g=="],

    "@bitflowlabs/core-sdk/dotenv": ["dotenv@16.6.1", "", {}, "sha512-uBq4egWHTcTt33a72vpSG0z3HnPuIl6NqYcTrKEg2azoEyl2hpW0zqlxysq2pK9HlDIHyHyakeYaYnSAwd8bow=="],

    "@btc-helpers/rpc/@scure/base": ["@scure/base@1.2.6", "", {}, "sha512-g/nm5FgUa//MCj1gV09zTJTaM6KBAHqLN907YVQqf7zC49+DcO4B1so4ZX07Ef10Twr6nuqYEH9GEggFXA4Fmg=="],

    "@scure/bip32/@noble/curves": ["@noble/curves@1.9.7", "", { "dependencies": { "@noble/hashes": "1.8.0" } }, "sha512-gbKGcRUYIjA3/zCCNaWDciTMFI0dCkvou3TL8Zmy5Nc7sJ47a0jtOeZoTaMxkuqRo9cRhjOdZJXegxYE5FN/xw=="],

    "@scure/bip32/@noble/hashes": ["@noble/hashes@1.8.0", "", {}, "sha512-jCs9ldd7NwzpgXDIf6P3+NrHh9/sD6CQdxHyjQI+h/6rDNo88ypBxxz45UDuZHz9r3tNz7N/VInSVoVdtXEI4A=="],

    "@scure/bip32/@scure/base": ["@scure/base@1.2.6", "", {}, "sha512-g/nm5FgUa//MCj1gV09zTJTaM6KBAHqLN907YVQqf7zC49+DcO4B1so4ZX07Ef10Twr6nuqYEH9GEggFXA4Fmg=="],

    "@stacks/encryption/@noble/hashes": ["@noble/hashes@1.1.5", "", {}, "sha512-LTMZiiLc+V4v1Yi16TD6aX2gmtKszNye0pQgbaLqkvhIqP7nVsSaJsWloGQjJfJ8offaoP5GtX3yY5swbcJxxQ=="],

    "@stacks/encryption/@scure/bip39": ["@scure/bip39@1.1.0", "", { "dependencies": { "@noble/hashes": "~1.1.1", "@scure/base": "~1.1.0" } }, "sha512-pwrPOS16VeTKg98dYXQyIjJEcWfz7/1YJIwxUEPFfQPtc86Ym/1sVgQ2RLoD43AazMk2l/unK4ITySSpW2+82w=="],

    "@stacks/network-v6/@stacks/common": ["@stacks/common@6.16.0", "", { "dependencies": { "@types/bn.js": "^5.1.0", "@types/node": "^18.0.4" } }, "sha512-PnzvhrdGRMVZvxTulitlYafSK4l02gPCBBoI9QEoTqgSnv62oaOXhYAUUkTMFKxdHW1seVEwZsrahuXiZPIAwg=="],

    "@stacks/transactions/@noble/hashes": ["@noble/hashes@1.1.5", "", {}, "sha512-LTMZiiLc+V4v1Yi16TD6aX2gmtKszNye0pQgbaLqkvhIqP7nVsSaJsWloGQjJfJ8offaoP5GtX3yY5swbcJxxQ=="],

    "@stacks/transactions-v6/@noble/hashes": ["@noble/hashes@1.1.5", "", {}, "sha512-LTMZiiLc+V4v1Yi16TD6aX2gmtKszNye0pQgbaLqkvhIqP7nVsSaJsWloGQjJfJ8offaoP5GtX3yY5swbcJxxQ=="],

    "@stacks/transactions-v6/@stacks/common": ["@stacks/common@6.16.0", "", { "dependencies": { "@types/bn.js": "^5.1.0", "@types/node": "^18.0.4" } }, "sha512-PnzvhrdGRMVZvxTulitlYafSK4l02gPCBBoI9QEoTqgSnv62oaOXhYAUUkTMFKxdHW1seVEwZsrahuXiZPIAwg=="],

    "@stacks/transactions-v6/@stacks/network": ["@stacks/network@6.17.0", "", { "dependencies": { "@stacks/common": "^6.16.0", "cross-fetch": "^3.1.5" } }, "sha512-numHbfKjwco/rbkGPOEz8+FcJ2nBnS/tdJ8R422Q70h3SiA9eqk9RjSzB8p4JP8yW1SZvW+eihADHfMpBuZyfw=="],

    "@stacks/wallet-sdk/@scure/bip32": ["@scure/bip32@1.1.3", "", { "dependencies": { "@noble/hashes": "~1.1.3", "@noble/secp256k1": "~1.7.0", "@scure/base": "~1.1.0" } }, "sha512-dSH3+LCWONlSNQuF34xZrG6Xas7tp2jSSqHb/pMfXWM0vKE4JZOtK3uJfoWouUVW5IGlls75HkXmYLldZ8ySgQ=="],

    "@stacks/wallet-sdk/@scure/bip39": ["@scure/bip39@1.1.0", "", { "dependencies": { "@noble/hashes": "~1.1.1", "@scure/base": "~1.1.0" } }, "sha512-pwrPOS16VeTKg98dYXQyIjJEcWfz7/1YJIwxUEPFfQPtc86Ym/1sVgQ2RLoD43AazMk2l/unK4ITySSpW2+82w=="],

    "c32check/@noble/hashes": ["@noble/hashes@1.8.0", "", {}, "sha512-jCs9ldd7NwzpgXDIf6P3+NrHh9/sD6CQdxHyjQI+h/6rDNo88ypBxxz45UDuZHz9r3tNz7N/VInSVoVdtXEI4A=="],

    "jsontokens/@noble/hashes": ["@noble/hashes@1.8.0", "", {}, "sha512-jCs9ldd7NwzpgXDIf6P3+NrHh9/sD6CQdxHyjQI+h/6rDNo88ypBxxz45UDuZHz9r3tNz7N/VInSVoVdtXEI4A=="],

    "sbtc/@noble/secp256k1": ["@noble/secp256k1@2.3.0", "", {}, "sha512-0TQed2gcBbIrh7Ccyw+y/uZQvbJwm7Ao4scBUxqpBCcsOlZG0O4KGfjtNAy/li4W8n1xt3dxrwJ0beZ2h2G6Kw=="],

    "sbtc/@scure/base": ["@scure/base@1.2.6", "", {}, "sha512-g/nm5FgUa//MCj1gV09zTJTaM6KBAHqLN907YVQqf7zC49+DcO4B1so4ZX07Ef10Twr6nuqYEH9GEggFXA4Fmg=="],

    "sbtc/@scure/btc-signer": ["@scure/btc-signer@1.8.1", "", { "dependencies": { "@noble/curves": "~1.9.0", "@noble/hashes": "~1.8.0", "@scure/base": "~1.2.5", "micro-packed": "~0.7.3" } }, "sha512-8nX9T++dFyKpvqksNHfSi9CgRsGnHAQtCdIQ1y1GmbCGLpV97v4MUyemUUT6uDumKL3oo3m4niyY6A32nmdLuQ=="],

    "sbtc/micro-packed": ["micro-packed@0.6.3", "", { "dependencies": { "@scure/base": "~1.1.5" } }, "sha512-VmVkyc7lIzAq/XCPFuLc/CwQ7Ehs5XDK3IwqsZHiBIDttAI9Gs7go6Lv4lNRuAIKrGKcRTtthFKUNyHS0S4wJQ=="],

    "@stacks/encryption/@scure/bip39/@scure/base": ["@scure/base@1.1.9", "", {}, "sha512-8YKhl8GHiNI/pU2VMaofa2Tor7PJRAjwQLBBuilkJ9L5+13yVbC7JO/wS7piioAvPSwR3JKM1IJ/u4xQzbcXKg=="],

    "@stacks/network-v6/@stacks/common/@types/node": ["@types/node@18.19.130", "", { "dependencies": { "undici-types": "~5.26.4" } }, "sha512-GRaXQx6jGfL8sKfaIDD6OupbIHBr9jv7Jnaml9tB7l4v068PAOXqfcujMMo5PhbIs6ggR1XODELqahT2R8v0fg=="],

    "@stacks/transactions-v6/@stacks/common/@types/node": ["@types/node@18.19.130", "", { "dependencies": { "undici-types": "~5.26.4" } }, "sha512-GRaXQx6jGfL8sKfaIDD6OupbIHBr9jv7Jnaml9tB7l4v068PAOXqfcujMMo5PhbIs6ggR1XODELqahT2R8v0fg=="],

    "@stacks/wallet-sdk/@scure/bip32/@noble/hashes": ["@noble/hashes@1.1.5", "", {}, "sha512-LTMZiiLc+V4v1Yi16TD6aX2gmtKszNye0pQgbaLqkvhIqP7nVsSaJsWloGQjJfJ8offaoP5GtX3yY5swbcJxxQ=="],

    "@stacks/wallet-sdk/@scure/bip32/@scure/base": ["@scure/base@1.1.9", "", {}, "sha512-8YKhl8GHiNI/pU2VMaofa2Tor7PJRAjwQLBBuilkJ9L5+13yVbC7JO/wS7piioAvPSwR3JKM1IJ/u4xQzbcXKg=="],

    "@stacks/wallet-sdk/@scure/bip39/@noble/hashes": ["@noble/hashes@1.1.5", "", {}, "sha512-LTMZiiLc+V4v1Yi16TD6aX2gmtKszNye0pQgbaLqkvhIqP7nVsSaJsWloGQjJfJ8offaoP5GtX3yY5swbcJxxQ=="],

    "@stacks/wallet-sdk/@scure/bip39/@scure/base": ["@scure/base@1.1.9", "", {}, "sha512-8YKhl8GHiNI/pU2VMaofa2Tor7PJRAjwQLBBuilkJ9L5+13yVbC7JO/wS7piioAvPSwR3JKM1IJ/u4xQzbcXKg=="],

    "sbtc/@scure/btc-signer/@noble/curves": ["@noble/curves@1.9.7", "", { "dependencies": { "@noble/hashes": "1.8.0" } }, "sha512-gbKGcRUYIjA3/zCCNaWDciTMFI0dCkvou3TL8Zmy5Nc7sJ47a0jtOeZoTaMxkuqRo9cRhjOdZJXegxYE5FN/xw=="],

    "sbtc/@scure/btc-signer/@noble/hashes": ["@noble/hashes@1.8.0", "", {}, "sha512-jCs9ldd7NwzpgXDIf6P3+NrHh9/sD6CQdxHyjQI+h/6rDNo88ypBxxz45UDuZHz9r3tNz7N/VInSVoVdtXEI4A=="],

    "sbtc/@scure/btc-signer/micro-packed": ["micro-packed@0.7.3", "", { "dependencies": { "@scure/base": "~1.2.5" } }, "sha512-2Milxs+WNC00TRlem41oRswvw31146GiSaoCT7s3Xi2gMUglW5QBeqlQaZeHr5tJx9nm3i57LNXPqxOOaWtTYg=="],

    "sbtc/micro-packed/@scure/base": ["@scure/base@1.1.9", "", {}, "sha512-8YKhl8GHiNI/pU2VMaofa2Tor7PJRAjwQLBBuilkJ9L5+13yVbC7JO/wS7piioAvPSwR3JKM1IJ/u4xQzbcXKg=="],

    "@stacks/network-v6/@stacks/common/@types/node/undici-types": ["undici-types@5.26.5", "", {}, "sha512-JlCMO+ehdEIKqlFxk6IfVoAUVmgz7cU7zD/h9XZ0qzeosSHmUJVOzSQvvYSYWXkFXC+IfLKSIffhv0sVZup6pA=="],

    "@stacks/transactions-v6/@stacks/common/@types/node/undici-types": ["undici-types@5.26.5", "", {}, "sha512-JlCMO+ehdEIKqlFxk6IfVoAUVmgz7cU7zD/h9XZ0qzeosSHmUJVOzSQvvYSYWXkFXC+IfLKSIffhv0sVZup6pA=="],
  }
}
